PODS:
  - JoyKit (0.1.24):
    - JoyKit/Category (= 0.1.24)
    - JoyKit/CellsLibruary (= 0.1.24)
    - JoyKit/Common (= 0.1.24)
    - JoyKit/Controllers (= 0.1.24)
    - JoyKit/JoyCoreMotion (= 0.1.24)
    - JoyKit/JoyHeader (= 0.1.24)
    - JoyKit/JoyLocation (= 0.1.24)
    - JoyKit/JoyMediaRecordPlay (= 0.1.24)
    - JoyKit/JoyQRCode (= 0.1.24)
    - JoyKit/JoyWebView (= 0.1.24)
    - JoyKit/Models (= 0.1.24)
    - JoyKit/Router (= 0.1.24)
    - JoyKit/Utility (= 0.1.24)
    - JoyKit/Views (= 0.1.24)
    - Masonry
  - JoyKit/Category (0.1.24):
    - Masonry
  - JoyKit/CellsLibruary (0.1.24):
    - JoyKit/Category
    - JoyKit/CellsLibruary/CollectionCell (= 0.1.24)
    - JoyKit/CellsLibruary/TableCollectionCell (= 0.1.24)
    - JoyKit/CellsLibruary/TableImageCell (= 0.1.24)
    - JoyKit/CellsLibruary/TableLabelCell (= 0.1.24)
    - JoyKit/CellsLibruary/TableSwitchCell (= 0.1.24)
    - JoyKit/CellsLibruary/TableTextCell (= 0.1.24)
    - JoyKit/Common
    - JoyKit/Models
    - Masonry
  - JoyKit/CellsLibruary/CollectionCell (0.1.24):
    - JoyKit/Category
    - JoyKit/CellsLibruary/TableLabelCell
    - JoyKit/Common
    - JoyKit/Models
    - Masonry
  - JoyKit/CellsLibruary/TableCollectionCell (0.1.24):
    - JoyKit/Category
    - JoyKit/CellsLibruary/TableLabelCell
    - JoyKit/Common
    - JoyKit/Models
    - Masonry
  - JoyKit/CellsLibruary/TableImageCell (0.1.24):
    - JoyKit/Category
    - JoyKit/CellsLibruary/CollectionCell
    - JoyKit/CellsLibruary/TableCollectionCell
    - JoyKit/CellsLibruary/TableLabelCell
    - JoyKit/CellsLibruary/TableSwitchCell
    - JoyKit/CellsLibruary/TableTextCell
    - JoyKit/Common
    - JoyKit/Models
    - Masonry
  - JoyKit/CellsLibruary/TableLabelCell (0.1.24):
    - JoyKit/Category
    - JoyKit/Common
    - JoyKit/Models
    - Masonry
  - JoyKit/CellsLibruary/TableSwitchCell (0.1.24):
    - JoyKit/Category
    - JoyKit/CellsLibruary/TableLabelCell
    - JoyKit/Common
    - JoyKit/Models
    - Masonry
  - JoyKit/CellsLibruary/TableTextCell (0.1.24):
    - JoyKit/Category
    - JoyKit/CellsLibruary/TableLabelCell
    - JoyKit/Common
    - JoyKit/Models
    - Masonry
  - JoyKit/Common (0.1.24):
    - JoyKit/Category
    - Masonry
  - JoyKit/Controllers (0.1.24):
    - JoyKit/Category
    - JoyKit/Common
    - JoyKit/JoyWebView
    - Masonry
  - JoyKit/JoyCoreMotion (0.1.24):
    - JoyKit/Common
    - JoyKit/Utility
    - Masonry
  - JoyKit/JoyHeader (0.1.24):
    - JoyKit/Category
    - JoyKit/CellsLibruary
    - JoyKit/Controllers
    - JoyKit/JoyCoreMotion
    - JoyKit/JoyLocation
    - JoyKit/JoyMediaRecordPlay
    - JoyKit/JoyQRCode
    - JoyKit/JoyWebView
    - JoyKit/Router
    - JoyKit/Utility
    - JoyKit/Views
    - Masonry
  - JoyKit/JoyLocation (0.1.24):
    - JoyKit/Common
    - JoyKit/Utility
    - Masonry
  - JoyKit/JoyMediaRecordPlay (0.1.24):
    - JoyKit/Category
    - JoyKit/Common
    - JoyKit/JoyCoreMotion
    - JoyKit/Utility
    - Masonry
  - JoyKit/JoyQRCode (0.1.24):
    - JoyKit/Category
    - JoyKit/Common
    - JoyKit/JoyCoreMotion
    - JoyKit/JoyMediaRecordPlay
    - JoyKit/Utility
    - Masonry
  - JoyKit/JoyWebView (0.1.24):
    - JoyKit/Category
    - JoyKit/Common
    - JoyKit/Utility
    - Masonry
  - JoyKit/Models (0.1.24):
    - Masonry
  - JoyKit/Router (0.1.24):
    - Masonry
  - JoyKit/Utility (0.1.24):
    - Masonry
  - JoyKit/Views (0.1.24):
    - JoyKit/Category
    - JoyKit/CellsLibruary
    - Masonry
  - Masonry (1.1.0)
  - MJExtension (3.0.15.1)
  - SDWebImage (4.4.2):
    - SDWebImage/Core (= 4.4.2)
  - SDWebImage/Core (4.4.2)

DEPENDENCIES:
  - JoyKit (from `../`)
  - MJExtension
  - SDWebImage

SPEC REPOS:
  https://github.com/cocoapods/specs.git:
    - Masonry
    - MJExtension
    - SDWebImage

EXTERNAL SOURCES:
  JoyKit:
    :path: "../"

SPEC CHECKSUMS:
  JoyKit: baa7f1cdfa4c5a3255f944611d77ea29a7ef1c61
  Masonry: 678fab65091a9290e40e2832a55e7ab731aad201
  MJExtension: 19bc33ce2eee2d319760f5622562cf581a6ff756
  SDWebImage: 624d6e296c69b244bcede364c72ae0430ac14681

PODFILE CHECKSUM: 3544603cb9b94b53bfc090566e745014340f7ddd

COCOAPODS: 1.5.3
