// !$*UTF8*$!
{
	archiveVersion = 1;
	classes = {
	};
	objectVersion = 46;
	objects = {

/* Begin PBXBuildFile section */
		5E851333A20F5414F8E07056 /* libPods-JoyKit_Tests.a in Frameworks */ = {isa = PBXBuildFile; fileRef = 3C8F12AC87AADA3976222EC0 /* libPods-JoyKit_Tests.a */; };
		6003F58E195388D20070C39A /* Foundation.framework in Frameworks */ = {isa = PBXBuildFile; fileRef = 6003F58D195388D20070C39A /* Foundation.framework */; };
		6003F590195388D20070C39A /* CoreGraphics.framework in Frameworks */ = {isa = PBXBuildFile; fileRef = 6003F58F195388D20070C39A /* CoreGraphics.framework */; };
		6003F592195388D20070C39A /* UIKit.framework in Frameworks */ = {isa = PBXBuildFile; fileRef = 6003F591195388D20070C39A /* UIKit.framework */; };
		6003F598195388D20070C39A /* InfoPlist.strings in Resources */ = {isa = PBXBuildFile; fileRef = 6003F596195388D20070C39A /* InfoPlist.strings */; };
		6003F59A195388D20070C39A /* main.m in Sources */ = {isa = PBXBuildFile; fileRef = 6003F599195388D20070C39A /* main.m */; };
		6003F59E195388D20070C39A /* JoyAppDelegate.m in Sources */ = {isa = PBXBuildFile; fileRef = 6003F59D195388D20070C39A /* JoyAppDelegate.m */; };
		6003F5A9195388D20070C39A /* Images.xcassets in Resources */ = {isa = PBXBuildFile; fileRef = 6003F5A8195388D20070C39A /* Images.xcassets */; };
		6003F5B1195388D20070C39A /* Foundation.framework in Frameworks */ = {isa = PBXBuildFile; fileRef = 6003F58D195388D20070C39A /* Foundation.framework */; };
		6003F5B2195388D20070C39A /* UIKit.framework in Frameworks */ = {isa = PBXBuildFile; fileRef = 6003F591195388D20070C39A /* UIKit.framework */; };
		6003F5BA195388D20070C39A /* InfoPlist.strings in Resources */ = {isa = PBXBuildFile; fileRef = 6003F5B8195388D20070C39A /* InfoPlist.strings */; };
		6003F5BC195388D20070C39A /* Tests.m in Sources */ = {isa = PBXBuildFile; fileRef = 6003F5BB195388D20070C39A /* Tests.m */; };
		71719F9F1E33DC2100824A3D /* LaunchScreen.storyboard in Resources */ = {isa = PBXBuildFile; fileRef = 71719F9D1E33DC2100824A3D /* LaunchScreen.storyboard */; };
		873B8AEB1B1F5CCA007FD442 /* Main.storyboard in Resources */ = {isa = PBXBuildFile; fileRef = 873B8AEA1B1F5CCA007FD442 /* Main.storyboard */; };
		A80DF7212891354800CBFEA4 /* CollectionInteractor.m in Sources */ = {isa = PBXBuildFile; fileRef = A80DF71F2891354800CBFEA4 /* CollectionInteractor.m */; };
		A80DF7222891354800CBFEA4 /* CollectionVC.m in Sources */ = {isa = PBXBuildFile; fileRef = A80DF7202891354800CBFEA4 /* CollectionVC.m */; };
		A82D62CE26D20A6E004590FC /* JoyTableCollectionInteractor.m in Sources */ = {isa = PBXBuildFile; fileRef = A82D62C626D20A6E004590FC /* JoyTableCollectionInteractor.m */; };
		A82D62CF26D20A6E004590FC /* JoyTableCollectionInteractor.m in Sources */ = {isa = PBXBuildFile; fileRef = A82D62C626D20A6E004590FC /* JoyTableCollectionInteractor.m */; };
		A82D62D026D20A6E004590FC /* JoyPortalCollectionCell.m in Sources */ = {isa = PBXBuildFile; fileRef = A82D62C826D20A6E004590FC /* JoyPortalCollectionCell.m */; };
		A82D62D126D20A6E004590FC /* JoyPortalCollectionCell.m in Sources */ = {isa = PBXBuildFile; fileRef = A82D62C826D20A6E004590FC /* JoyPortalCollectionCell.m */; };
		A82D62D226D20A6E004590FC /* JoyPortalTableCell.m in Sources */ = {isa = PBXBuildFile; fileRef = A82D62CB26D20A6E004590FC /* JoyPortalTableCell.m */; };
		A82D62D326D20A6E004590FC /* JoyPortalTableCell.m in Sources */ = {isa = PBXBuildFile; fileRef = A82D62CB26D20A6E004590FC /* JoyPortalTableCell.m */; };
		A82D62D426D20A6E004590FC /* JoyTableCollectionVC.m in Sources */ = {isa = PBXBuildFile; fileRef = A82D62CD26D20A6E004590FC /* JoyTableCollectionVC.m */; };
		A82D62D526D20A6E004590FC /* JoyTableCollectionVC.m in Sources */ = {isa = PBXBuildFile; fileRef = A82D62CD26D20A6E004590FC /* JoyTableCollectionVC.m */; };
		A88010B728913A0800015ACB /* JoyCoreMotionVC.m in Sources */ = {isa = PBXBuildFile; fileRef = A88010B328913A0800015ACB /* JoyCoreMotionVC.m */; };
		A88010B828913A0800015ACB /* JoyDeviceOrientationVC.m in Sources */ = {isa = PBXBuildFile; fileRef = A88010B628913A0800015ACB /* JoyDeviceOrientationVC.m */; };
		A88010BC2892334200015ACB /* JoyQRCodeGenerateVC.m in Sources */ = {isa = PBXBuildFile; fileRef = A88010BB2892334200015ACB /* JoyQRCodeGenerateVC.m */; };
		A8D8F446288FCBC200CFF863 /* JoyAnimationVC.m in Sources */ = {isa = PBXBuildFile; fileRef = A8D8F445288FCBC200CFF863 /* JoyAnimationVC.m */; };
		A8EEA5A2289381CA00D8C7DC /* JoyVideoRecordVC.m in Sources */ = {isa = PBXBuildFile; fileRef = A8EEA5A1289381CA00D8C7DC /* JoyVideoRecordVC.m */; };
		BB1C23B8219430DE0071DF92 /* JVCustHeaderFooterView.m in Sources */ = {isa = PBXBuildFile; fileRef = BB1C23B7219430DE0071DF92 /* JVCustHeaderFooterView.m */; };
		BB799E042154D14900D768D1 /* JVPresenter.m in Sources */ = {isa = PBXBuildFile; fileRef = BB799DF12154D14900D768D1 /* JVPresenter.m */; };
		BB799E052154D14900D768D1 /* JoyViewController.m in Sources */ = {isa = PBXBuildFile; fileRef = BB799DF22154D14900D768D1 /* JoyViewController.m */; };
		BB799E062154D14900D768D1 /* JVInteractor.m in Sources */ = {isa = PBXBuildFile; fileRef = BB799DF62154D14900D768D1 /* JVInteractor.m */; };
		BB799E072154D14900D768D1 /* JoyCellBaseModel+Type.m in Sources */ = {isa = PBXBuildFile; fileRef = BB799DF92154D14900D768D1 /* JoyCellBaseModel+Type.m */; };
		BB799E082154D14900D768D1 /* PersonInteractor.m in Sources */ = {isa = PBXBuildFile; fileRef = BB799DFB2154D14900D768D1 /* PersonInteractor.m */; };
		BB799E092154D14900D768D1 /* PersonPresenter.m in Sources */ = {isa = PBXBuildFile; fileRef = BB799DFC2154D14900D768D1 /* PersonPresenter.m */; };
		BB799E0A2154D14900D768D1 /* Person.m in Sources */ = {isa = PBXBuildFile; fileRef = BB799DFE2154D14900D768D1 /* Person.m */; };
		BB799E0B2154D14900D768D1 /* SCViewController.m in Sources */ = {isa = PBXBuildFile; fileRef = BB799DFF2154D14900D768D1 /* SCViewController.m */; };
		BB799E0F2154E85100D768D1 /* personDetail.json in Resources */ = {isa = PBXBuildFile; fileRef = BB799E0E2154E85100D768D1 /* personDetail.json */; };
		BB799E132154EF6600D768D1 /* person.plist in Resources */ = {isa = PBXBuildFile; fileRef = BB799E122154EF6600D768D1 /* person.plist */; };
		BB85CDFD221692A800B0DE1F /* HomeVC.m in Sources */ = {isa = PBXBuildFile; fileRef = BB85CDFC221692A800B0DE1F /* HomeVC.m */; };
		BB9E1ECD2503859F00FD80C2 /* PlayerListVC.m in Sources */ = {isa = PBXBuildFile; fileRef = BB9E1ECC2503859F00FD80C2 /* PlayerListVC.m */; };
		BB9E1ED02503862000FD80C2 /* PlayerCell.m in Sources */ = {isa = PBXBuildFile; fileRef = BB9E1ECF2503862000FD80C2 /* PlayerCell.m */; };
		BBFCEDD2236FCDCC007362AC /* QRCodeScanVC.m in Sources */ = {isa = PBXBuildFile; fileRef = BBFCEDD1236FCDCC007362AC /* QRCodeScanVC.m */; };
		D0C14AABC89106EFC0093287 /* libPods-JoyKit_Example.a in Frameworks */ = {isa = PBXBuildFile; fileRef = DBA1B7FE68E8F2CBD5FA7C24 /* libPods-JoyKit_Example.a */; };
/* End PBXBuildFile section */

/* Begin PBXContainerItemProxy section */
		6003F5B3195388D20070C39A /* PBXContainerItemProxy */ = {
			isa = PBXContainerItemProxy;
			containerPortal = 6003F582195388D10070C39A /* Project object */;
			proxyType = 1;
			remoteGlobalIDString = 6003F589195388D20070C39A;
			remoteInfo = JoyKit;
		};
/* End PBXContainerItemProxy section */

/* Begin PBXFileReference section */
		310A962050CDD3C5EC351979 /* README.md */ = {isa = PBXFileReference; includeInIndex = 1; lastKnownFileType = net.daringfireball.markdown; name = README.md; path = ../README.md; sourceTree = "<group>"; };
		38394C29529DA953D9FFAFF4 /* LICENSE */ = {isa = PBXFileReference; includeInIndex = 1; lastKnownFileType = text; name = LICENSE; path = ../LICENSE; sourceTree = "<group>"; };
		3C8F12AC87AADA3976222EC0 /* libPods-JoyKit_Tests.a */ = {isa = PBXFileReference; explicitFileType = archive.ar; includeInIndex = 0; path = "libPods-JoyKit_Tests.a"; sourceTree = BUILT_PRODUCTS_DIR; };
		6003F58A195388D20070C39A /* JoyKit_Example.app */ = {isa = PBXFileReference; explicitFileType = wrapper.application; includeInIndex = 0; path = JoyKit_Example.app; sourceTree = BUILT_PRODUCTS_DIR; };
		6003F58D195388D20070C39A /* Foundation.framework */ = {isa = PBXFileReference; lastKnownFileType = wrapper.framework; name = Foundation.framework; path = System/Library/Frameworks/Foundation.framework; sourceTree = SDKROOT; };
		6003F58F195388D20070C39A /* CoreGraphics.framework */ = {isa = PBXFileReference; lastKnownFileType = wrapper.framework; name = CoreGraphics.framework; path = System/Library/Frameworks/CoreGraphics.framework; sourceTree = SDKROOT; };
		6003F591195388D20070C39A /* UIKit.framework */ = {isa = PBXFileReference; lastKnownFileType = wrapper.framework; name = UIKit.framework; path = System/Library/Frameworks/UIKit.framework; sourceTree = SDKROOT; };
		6003F595195388D20070C39A /* JoyKit-Info.plist */ = {isa = PBXFileReference; lastKnownFileType = text.plist.xml; path = "JoyKit-Info.plist"; sourceTree = "<group>"; };
		6003F597195388D20070C39A /* en */ = {isa = PBXFileReference; lastKnownFileType = text.plist.strings; name = en; path = en.lproj/InfoPlist.strings; sourceTree = "<group>"; };
		6003F599195388D20070C39A /* main.m */ = {isa = PBXFileReference; lastKnownFileType = sourcecode.c.objc; path = main.m; sourceTree = "<group>"; };
		6003F59B195388D20070C39A /* JoyKit-Prefix.pch */ = {isa = PBXFileReference; lastKnownFileType = sourcecode.c.h; path = "JoyKit-Prefix.pch"; sourceTree = "<group>"; };
		6003F59C195388D20070C39A /* JoyAppDelegate.h */ = {isa = PBXFileReference; lastKnownFileType = sourcecode.c.h; path = JoyAppDelegate.h; sourceTree = "<group>"; };
		6003F59D195388D20070C39A /* JoyAppDelegate.m */ = {isa = PBXFileReference; lastKnownFileType = sourcecode.c.objc; path = JoyAppDelegate.m; sourceTree = "<group>"; };
		6003F5A8195388D20070C39A /* Images.xcassets */ = {isa = PBXFileReference; lastKnownFileType = folder.assetcatalog; path = Images.xcassets; sourceTree = "<group>"; };
		6003F5AE195388D20070C39A /* JoyKit_Tests.xctest */ = {isa = PBXFileReference; explicitFileType = wrapper.cfbundle; includeInIndex = 0; path = JoyKit_Tests.xctest; sourceTree = BUILT_PRODUCTS_DIR; };
		6003F5B7195388D20070C39A /* Tests-Info.plist */ = {isa = PBXFileReference; lastKnownFileType = text.plist.xml; path = "Tests-Info.plist"; sourceTree = "<group>"; };
		6003F5B9195388D20070C39A /* en */ = {isa = PBXFileReference; lastKnownFileType = text.plist.strings; name = en; path = en.lproj/InfoPlist.strings; sourceTree = "<group>"; };
		6003F5BB195388D20070C39A /* Tests.m */ = {isa = PBXFileReference; lastKnownFileType = sourcecode.c.objc; path = Tests.m; sourceTree = "<group>"; };
		606FC2411953D9B200FFA9A0 /* Tests-Prefix.pch */ = {isa = PBXFileReference; lastKnownFileType = sourcecode.c.h; path = "Tests-Prefix.pch"; sourceTree = "<group>"; };
		68D8EB61F92ADD299217CC0D /* Pods-JoyKit_Tests.debug.xcconfig */ = {isa = PBXFileReference; includeInIndex = 1; lastKnownFileType = text.xcconfig; name = "Pods-JoyKit_Tests.debug.xcconfig"; path = "Pods/Target Support Files/Pods-JoyKit_Tests/Pods-JoyKit_Tests.debug.xcconfig"; sourceTree = "<group>"; };
		71719F9E1E33DC2100824A3D /* Base */ = {isa = PBXFileReference; lastKnownFileType = file.storyboard; name = Base; path = Base.lproj/LaunchScreen.storyboard; sourceTree = "<group>"; };
		745F64B622452CB924860B92 /* JoyKit.podspec */ = {isa = PBXFileReference; includeInIndex = 1; lastKnownFileType = text; name = JoyKit.podspec; path = ../JoyKit.podspec; sourceTree = "<group>"; xcLanguageSpecificationIdentifier = xcode.lang.ruby; };
		873B8AEA1B1F5CCA007FD442 /* Main.storyboard */ = {isa = PBXFileReference; fileEncoding = 4; lastKnownFileType = file.storyboard; name = Main.storyboard; path = Base.lproj/Main.storyboard; sourceTree = "<group>"; };
		8C4814AC38034352457FFBDA /* Pods-JoyKit_Example.release.xcconfig */ = {isa = PBXFileReference; includeInIndex = 1; lastKnownFileType = text.xcconfig; name = "Pods-JoyKit_Example.release.xcconfig"; path = "Pods/Target Support Files/Pods-JoyKit_Example/Pods-JoyKit_Example.release.xcconfig"; sourceTree = "<group>"; };
		A80DF71D2891354800CBFEA4 /* CollectionInteractor.h */ = {isa = PBXFileReference; fileEncoding = 4; lastKnownFileType = sourcecode.c.h; path = CollectionInteractor.h; sourceTree = "<group>"; };
		A80DF71E2891354800CBFEA4 /* CollectionVC.h */ = {isa = PBXFileReference; fileEncoding = 4; lastKnownFileType = sourcecode.c.h; path = CollectionVC.h; sourceTree = "<group>"; };
		A80DF71F2891354800CBFEA4 /* CollectionInteractor.m */ = {isa = PBXFileReference; fileEncoding = 4; lastKnownFileType = sourcecode.c.objc; path = CollectionInteractor.m; sourceTree = "<group>"; };
		A80DF7202891354800CBFEA4 /* CollectionVC.m */ = {isa = PBXFileReference; fileEncoding = 4; lastKnownFileType = sourcecode.c.objc; path = CollectionVC.m; sourceTree = "<group>"; };
		A82D62C626D20A6E004590FC /* JoyTableCollectionInteractor.m */ = {isa = PBXFileReference; fileEncoding = 4; lastKnownFileType = sourcecode.c.objc; path = JoyTableCollectionInteractor.m; sourceTree = "<group>"; };
		A82D62C726D20A6E004590FC /* JoyPortalCollectionCell.h */ = {isa = PBXFileReference; fileEncoding = 4; lastKnownFileType = sourcecode.c.h; path = JoyPortalCollectionCell.h; sourceTree = "<group>"; };
		A82D62C826D20A6E004590FC /* JoyPortalCollectionCell.m */ = {isa = PBXFileReference; fileEncoding = 4; lastKnownFileType = sourcecode.c.objc; path = JoyPortalCollectionCell.m; sourceTree = "<group>"; };
		A82D62C926D20A6E004590FC /* JoyPortalTableCell.h */ = {isa = PBXFileReference; fileEncoding = 4; lastKnownFileType = sourcecode.c.h; path = JoyPortalTableCell.h; sourceTree = "<group>"; };
		A82D62CA26D20A6E004590FC /* JoyTableCollectionInteractor.h */ = {isa = PBXFileReference; fileEncoding = 4; lastKnownFileType = sourcecode.c.h; path = JoyTableCollectionInteractor.h; sourceTree = "<group>"; };
		A82D62CB26D20A6E004590FC /* JoyPortalTableCell.m */ = {isa = PBXFileReference; fileEncoding = 4; lastKnownFileType = sourcecode.c.objc; path = JoyPortalTableCell.m; sourceTree = "<group>"; };
		A82D62CC26D20A6E004590FC /* JoyTableCollectionVC.h */ = {isa = PBXFileReference; fileEncoding = 4; lastKnownFileType = sourcecode.c.h; path = JoyTableCollectionVC.h; sourceTree = "<group>"; };
		A82D62CD26D20A6E004590FC /* JoyTableCollectionVC.m */ = {isa = PBXFileReference; fileEncoding = 4; lastKnownFileType = sourcecode.c.objc; path = JoyTableCollectionVC.m; sourceTree = "<group>"; };
		A84A9716266624B100AAF94D /* JoyKit_Example.entitlements */ = {isa = PBXFileReference; lastKnownFileType = text.plist.entitlements; path = JoyKit_Example.entitlements; sourceTree = "<group>"; };
		A88010B228913A0800015ACB /* JoyCoreMotionVC.h */ = {isa = PBXFileReference; fileEncoding = 4; lastKnownFileType = sourcecode.c.h; path = JoyCoreMotionVC.h; sourceTree = "<group>"; };
		A88010B328913A0800015ACB /* JoyCoreMotionVC.m */ = {isa = PBXFileReference; fileEncoding = 4; lastKnownFileType = sourcecode.c.objc; path = JoyCoreMotionVC.m; sourceTree = "<group>"; };
		A88010B528913A0800015ACB /* JoyDeviceOrientationVC.h */ = {isa = PBXFileReference; fileEncoding = 4; lastKnownFileType = sourcecode.c.h; path = JoyDeviceOrientationVC.h; sourceTree = "<group>"; };
		A88010B628913A0800015ACB /* JoyDeviceOrientationVC.m */ = {isa = PBXFileReference; fileEncoding = 4; lastKnownFileType = sourcecode.c.objc; path = JoyDeviceOrientationVC.m; sourceTree = "<group>"; };
		A88010BA2892334200015ACB /* JoyQRCodeGenerateVC.h */ = {isa = PBXFileReference; lastKnownFileType = sourcecode.c.h; path = JoyQRCodeGenerateVC.h; sourceTree = "<group>"; };
		A88010BB2892334200015ACB /* JoyQRCodeGenerateVC.m */ = {isa = PBXFileReference; lastKnownFileType = sourcecode.c.objc; path = JoyQRCodeGenerateVC.m; sourceTree = "<group>"; };
		A8D8F444288FCBC200CFF863 /* JoyAnimationVC.h */ = {isa = PBXFileReference; lastKnownFileType = sourcecode.c.h; path = JoyAnimationVC.h; sourceTree = "<group>"; };
		A8D8F445288FCBC200CFF863 /* JoyAnimationVC.m */ = {isa = PBXFileReference; lastKnownFileType = sourcecode.c.objc; path = JoyAnimationVC.m; sourceTree = "<group>"; };
		A8EEA5A0289381CA00D8C7DC /* JoyVideoRecordVC.h */ = {isa = PBXFileReference; lastKnownFileType = sourcecode.c.h; path = JoyVideoRecordVC.h; sourceTree = "<group>"; };
		A8EEA5A1289381CA00D8C7DC /* JoyVideoRecordVC.m */ = {isa = PBXFileReference; lastKnownFileType = sourcecode.c.objc; path = JoyVideoRecordVC.m; sourceTree = "<group>"; };
		BAC0C3416A7422957C12A698 /* Pods-JoyKit_Example.debug.xcconfig */ = {isa = PBXFileReference; includeInIndex = 1; lastKnownFileType = text.xcconfig; name = "Pods-JoyKit_Example.debug.xcconfig"; path = "Pods/Target Support Files/Pods-JoyKit_Example/Pods-JoyKit_Example.debug.xcconfig"; sourceTree = "<group>"; };
		BB1C23B6219430DE0071DF92 /* JVCustHeaderFooterView.h */ = {isa = PBXFileReference; lastKnownFileType = sourcecode.c.h; path = JVCustHeaderFooterView.h; sourceTree = "<group>"; };
		BB1C23B7219430DE0071DF92 /* JVCustHeaderFooterView.m */ = {isa = PBXFileReference; lastKnownFileType = sourcecode.c.objc; path = JVCustHeaderFooterView.m; sourceTree = "<group>"; };
		BB799DF12154D14900D768D1 /* JVPresenter.m */ = {isa = PBXFileReference; fileEncoding = 4; lastKnownFileType = sourcecode.c.objc; path = JVPresenter.m; sourceTree = "<group>"; };
		BB799DF22154D14900D768D1 /* JoyViewController.m */ = {isa = PBXFileReference; fileEncoding = 4; lastKnownFileType = sourcecode.c.objc; path = JoyViewController.m; sourceTree = "<group>"; };
		BB799DF32154D14900D768D1 /* JVInteractor.h */ = {isa = PBXFileReference; fileEncoding = 4; lastKnownFileType = sourcecode.c.h; path = JVInteractor.h; sourceTree = "<group>"; };
		BB799DF42154D14900D768D1 /* JVPresenter.h */ = {isa = PBXFileReference; fileEncoding = 4; lastKnownFileType = sourcecode.c.h; path = JVPresenter.h; sourceTree = "<group>"; };
		BB799DF52154D14900D768D1 /* JoyViewController.h */ = {isa = PBXFileReference; fileEncoding = 4; lastKnownFileType = sourcecode.c.h; path = JoyViewController.h; sourceTree = "<group>"; };
		BB799DF62154D14900D768D1 /* JVInteractor.m */ = {isa = PBXFileReference; fileEncoding = 4; lastKnownFileType = sourcecode.c.objc; path = JVInteractor.m; sourceTree = "<group>"; };
		BB799DF82154D14900D768D1 /* Person.h */ = {isa = PBXFileReference; fileEncoding = 4; lastKnownFileType = sourcecode.c.h; path = Person.h; sourceTree = "<group>"; };
		BB799DF92154D14900D768D1 /* JoyCellBaseModel+Type.m */ = {isa = PBXFileReference; fileEncoding = 4; lastKnownFileType = sourcecode.c.objc; path = "JoyCellBaseModel+Type.m"; sourceTree = "<group>"; };
		BB799DFA2154D14900D768D1 /* SCViewController.h */ = {isa = PBXFileReference; fileEncoding = 4; lastKnownFileType = sourcecode.c.h; path = SCViewController.h; sourceTree = "<group>"; };
		BB799DFB2154D14900D768D1 /* PersonInteractor.m */ = {isa = PBXFileReference; fileEncoding = 4; lastKnownFileType = sourcecode.c.objc; path = PersonInteractor.m; sourceTree = "<group>"; };
		BB799DFC2154D14900D768D1 /* PersonPresenter.m */ = {isa = PBXFileReference; fileEncoding = 4; lastKnownFileType = sourcecode.c.objc; path = PersonPresenter.m; sourceTree = "<group>"; };
		BB799DFD2154D14900D768D1 /* JoyCellBaseModel+Type.h */ = {isa = PBXFileReference; fileEncoding = 4; lastKnownFileType = sourcecode.c.h; path = "JoyCellBaseModel+Type.h"; sourceTree = "<group>"; };
		BB799DFE2154D14900D768D1 /* Person.m */ = {isa = PBXFileReference; fileEncoding = 4; lastKnownFileType = sourcecode.c.objc; path = Person.m; sourceTree = "<group>"; };
		BB799DFF2154D14900D768D1 /* SCViewController.m */ = {isa = PBXFileReference; fileEncoding = 4; lastKnownFileType = sourcecode.c.objc; path = SCViewController.m; sourceTree = "<group>"; };
		BB799E012154D14900D768D1 /* PersonPresenter.h */ = {isa = PBXFileReference; fileEncoding = 4; lastKnownFileType = sourcecode.c.h; path = PersonPresenter.h; sourceTree = "<group>"; };
		BB799E032154D14900D768D1 /* PersonInteractor.h */ = {isa = PBXFileReference; fileEncoding = 4; lastKnownFileType = sourcecode.c.h; path = PersonInteractor.h; sourceTree = "<group>"; };
		BB799E0E2154E85100D768D1 /* personDetail.json */ = {isa = PBXFileReference; lastKnownFileType = text.json; path = personDetail.json; sourceTree = "<group>"; };
		BB799E122154EF6600D768D1 /* person.plist */ = {isa = PBXFileReference; fileEncoding = 4; lastKnownFileType = text.plist.xml; path = person.plist; sourceTree = "<group>"; };
		BB85CDFB221692A800B0DE1F /* HomeVC.h */ = {isa = PBXFileReference; lastKnownFileType = sourcecode.c.h; path = HomeVC.h; sourceTree = "<group>"; };
		BB85CDFC221692A800B0DE1F /* HomeVC.m */ = {isa = PBXFileReference; lastKnownFileType = sourcecode.c.objc; path = HomeVC.m; sourceTree = "<group>"; };
		BB9E1ECB2503859F00FD80C2 /* PlayerListVC.h */ = {isa = PBXFileReference; lastKnownFileType = sourcecode.c.h; path = PlayerListVC.h; sourceTree = "<group>"; };
		BB9E1ECC2503859F00FD80C2 /* PlayerListVC.m */ = {isa = PBXFileReference; lastKnownFileType = sourcecode.c.objc; path = PlayerListVC.m; sourceTree = "<group>"; };
		BB9E1ECE2503862000FD80C2 /* PlayerCell.h */ = {isa = PBXFileReference; lastKnownFileType = sourcecode.c.h; path = PlayerCell.h; sourceTree = "<group>"; };
		BB9E1ECF2503862000FD80C2 /* PlayerCell.m */ = {isa = PBXFileReference; lastKnownFileType = sourcecode.c.objc; path = PlayerCell.m; sourceTree = "<group>"; };
		BBFCEDD0236FCDCC007362AC /* QRCodeScanVC.h */ = {isa = PBXFileReference; lastKnownFileType = sourcecode.c.h; path = QRCodeScanVC.h; sourceTree = "<group>"; };
		BBFCEDD1236FCDCC007362AC /* QRCodeScanVC.m */ = {isa = PBXFileReference; lastKnownFileType = sourcecode.c.objc; path = QRCodeScanVC.m; sourceTree = "<group>"; };
		DBA1B7FE68E8F2CBD5FA7C24 /* libPods-JoyKit_Example.a */ = {isa = PBXFileReference; explicitFileType = archive.ar; includeInIndex = 0; path = "libPods-JoyKit_Example.a"; sourceTree = BUILT_PRODUCTS_DIR; };
		E6E2DBA04B0E12EDDAEE4A14 /* Pods-JoyKit_Tests.release.xcconfig */ = {isa = PBXFileReference; includeInIndex = 1; lastKnownFileType = text.xcconfig; name = "Pods-JoyKit_Tests.release.xcconfig"; path = "Pods/Target Support Files/Pods-JoyKit_Tests/Pods-JoyKit_Tests.release.xcconfig"; sourceTree = "<group>"; };
/* End PBXFileReference section */

/* Begin PBXFrameworksBuildPhase section */
		6003F587195388D20070C39A /* Frameworks */ = {
			isa = PBXFrameworksBuildPhase;
			buildActionMask = 2147483647;
			files = (
				6003F590195388D20070C39A /* CoreGraphics.framework in Frameworks */,
				6003F592195388D20070C39A /* UIKit.framework in Frameworks */,
				6003F58E195388D20070C39A /* Foundation.framework in Frameworks */,
				D0C14AABC89106EFC0093287 /* libPods-JoyKit_Example.a in Frameworks */,
			);
			runOnlyForDeploymentPostprocessing = 0;
		};
		6003F5AB195388D20070C39A /* Frameworks */ = {
			isa = PBXFrameworksBuildPhase;
			buildActionMask = 2147483647;
			files = (
				6003F5B2195388D20070C39A /* UIKit.framework in Frameworks */,
				6003F5B1195388D20070C39A /* Foundation.framework in Frameworks */,
				5E851333A20F5414F8E07056 /* libPods-JoyKit_Tests.a in Frameworks */,
			);
			runOnlyForDeploymentPostprocessing = 0;
		};
/* End PBXFrameworksBuildPhase section */

/* Begin PBXGroup section */
		6003F581195388D10070C39A = {
			isa = PBXGroup;
			children = (
				A84A9716266624B100AAF94D /* JoyKit_Example.entitlements */,
				60FF7A9C1954A5C5007DD14C /* Podspec Metadata */,
				6003F593195388D20070C39A /* Example for JoyKit */,
				6003F5B5195388D20070C39A /* Tests */,
				6003F58C195388D20070C39A /* Frameworks */,
				6003F58B195388D20070C39A /* Products */,
				F4E94A1AFEB614C11C004F6F /* Pods */,
			);
			sourceTree = "<group>";
		};
		6003F58B195388D20070C39A /* Products */ = {
			isa = PBXGroup;
			children = (
				6003F58A195388D20070C39A /* JoyKit_Example.app */,
				6003F5AE195388D20070C39A /* JoyKit_Tests.xctest */,
			);
			name = Products;
			sourceTree = "<group>";
		};
		6003F58C195388D20070C39A /* Frameworks */ = {
			isa = PBXGroup;
			children = (
				6003F58D195388D20070C39A /* Foundation.framework */,
				6003F58F195388D20070C39A /* CoreGraphics.framework */,
				6003F591195388D20070C39A /* UIKit.framework */,
				DBA1B7FE68E8F2CBD5FA7C24 /* libPods-JoyKit_Example.a */,
				3C8F12AC87AADA3976222EC0 /* libPods-JoyKit_Tests.a */,
			);
			name = Frameworks;
			sourceTree = "<group>";
		};
		6003F593195388D20070C39A /* Example for JoyKit */ = {
			isa = PBXGroup;
			children = (
				6003F59C195388D20070C39A /* JoyAppDelegate.h */,
				6003F59D195388D20070C39A /* JoyAppDelegate.m */,
				A82D62C526D20A34004590FC /* TableCollection */,
				BB85CDFA2216926200B0DE1F /* Home */,
				BB799DF02154D14800D768D1 /* ConfigList */,
				BB799DF72154D14900D768D1 /* PlistConfigList */,
				A88010B9289232F700015ACB /* QRCode */,
				BB9E1ECA25037C8800FD80C2 /* Player */,
				BBFCEDCF236FCD9D007362AC /* QRCodeScan */,
				A80DF71C2891354800CBFEA4 /* CollectionView */,
				A8D8F443288FCB8E00CFF863 /* Animation */,
				A88010B128913A0800015ACB /* CoreMotion */,
				A88010B428913A0800015ACB /* DeviceScreenDirection */,
				A8EEA59F2893819500D8C7DC /* VideoRecord */,
				71719F9D1E33DC2100824A3D /* LaunchScreen.storyboard */,
				873B8AEA1B1F5CCA007FD442 /* Main.storyboard */,
				6003F5A8195388D20070C39A /* Images.xcassets */,
				6003F594195388D20070C39A /* Supporting Files */,
			);
			name = "Example for JoyKit";
			path = JoyKit;
			sourceTree = "<group>";
		};
		6003F594195388D20070C39A /* Supporting Files */ = {
			isa = PBXGroup;
			children = (
				6003F595195388D20070C39A /* JoyKit-Info.plist */,
				6003F596195388D20070C39A /* InfoPlist.strings */,
				6003F599195388D20070C39A /* main.m */,
				6003F59B195388D20070C39A /* JoyKit-Prefix.pch */,
			);
			name = "Supporting Files";
			sourceTree = "<group>";
		};
		6003F5B5195388D20070C39A /* Tests */ = {
			isa = PBXGroup;
			children = (
				6003F5BB195388D20070C39A /* Tests.m */,
				6003F5B6195388D20070C39A /* Supporting Files */,
			);
			path = Tests;
			sourceTree = "<group>";
		};
		6003F5B6195388D20070C39A /* Supporting Files */ = {
			isa = PBXGroup;
			children = (
				6003F5B7195388D20070C39A /* Tests-Info.plist */,
				6003F5B8195388D20070C39A /* InfoPlist.strings */,
				606FC2411953D9B200FFA9A0 /* Tests-Prefix.pch */,
			);
			name = "Supporting Files";
			sourceTree = "<group>";
		};
		60FF7A9C1954A5C5007DD14C /* Podspec Metadata */ = {
			isa = PBXGroup;
			children = (
				745F64B622452CB924860B92 /* JoyKit.podspec */,
				310A962050CDD3C5EC351979 /* README.md */,
				38394C29529DA953D9FFAFF4 /* LICENSE */,
			);
			name = "Podspec Metadata";
			sourceTree = "<group>";
		};
		A80DF71C2891354800CBFEA4 /* CollectionView */ = {
			isa = PBXGroup;
			children = (
				A80DF71D2891354800CBFEA4 /* CollectionInteractor.h */,
				A80DF71E2891354800CBFEA4 /* CollectionVC.h */,
				A80DF71F2891354800CBFEA4 /* CollectionInteractor.m */,
				A80DF7202891354800CBFEA4 /* CollectionVC.m */,
			);
			path = CollectionView;
			sourceTree = "<group>";
		};
		A82D62C526D20A34004590FC /* TableCollection */ = {
			isa = PBXGroup;
			children = (
				A82D62C726D20A6E004590FC /* JoyPortalCollectionCell.h */,
				A82D62C826D20A6E004590FC /* JoyPortalCollectionCell.m */,
				A82D62CA26D20A6E004590FC /* JoyTableCollectionInteractor.h */,
				A82D62C626D20A6E004590FC /* JoyTableCollectionInteractor.m */,
				A82D62C926D20A6E004590FC /* JoyPortalTableCell.h */,
				A82D62CB26D20A6E004590FC /* JoyPortalTableCell.m */,
				A82D62CC26D20A6E004590FC /* JoyTableCollectionVC.h */,
				A82D62CD26D20A6E004590FC /* JoyTableCollectionVC.m */,
			);
			path = TableCollection;
			sourceTree = "<group>";
		};
		A88010B128913A0800015ACB /* CoreMotion */ = {
			isa = PBXGroup;
			children = (
				A88010B228913A0800015ACB /* JoyCoreMotionVC.h */,
				A88010B328913A0800015ACB /* JoyCoreMotionVC.m */,
			);
			path = CoreMotion;
			sourceTree = "<group>";
		};
		A88010B428913A0800015ACB /* DeviceScreenDirection */ = {
			isa = PBXGroup;
			children = (
				A88010B528913A0800015ACB /* JoyDeviceOrientationVC.h */,
				A88010B628913A0800015ACB /* JoyDeviceOrientationVC.m */,
			);
			path = DeviceScreenDirection;
			sourceTree = "<group>";
		};
		A88010B9289232F700015ACB /* QRCode */ = {
			isa = PBXGroup;
			children = (
				A88010BA2892334200015ACB /* JoyQRCodeGenerateVC.h */,
				A88010BB2892334200015ACB /* JoyQRCodeGenerateVC.m */,
			);
			path = QRCode;
			sourceTree = "<group>";
		};
		A8D8F443288FCB8E00CFF863 /* Animation */ = {
			isa = PBXGroup;
			children = (
				A8D8F444288FCBC200CFF863 /* JoyAnimationVC.h */,
				A8D8F445288FCBC200CFF863 /* JoyAnimationVC.m */,
			);
			path = Animation;
			sourceTree = "<group>";
		};
		A8EEA59F2893819500D8C7DC /* VideoRecord */ = {
			isa = PBXGroup;
			children = (
				A8EEA5A0289381CA00D8C7DC /* JoyVideoRecordVC.h */,
				A8EEA5A1289381CA00D8C7DC /* JoyVideoRecordVC.m */,
			);
			path = VideoRecord;
			sourceTree = "<group>";
		};
		BB799DF02154D14800D768D1 /* ConfigList */ = {
			isa = PBXGroup;
			children = (
				BB799DF52154D14900D768D1 /* JoyViewController.h */,
				BB799DF22154D14900D768D1 /* JoyViewController.m */,
				BB799DF32154D14900D768D1 /* JVInteractor.h */,
				BB799DF62154D14900D768D1 /* JVInteractor.m */,
				BB799DF42154D14900D768D1 /* JVPresenter.h */,
				BB799DF12154D14900D768D1 /* JVPresenter.m */,
				BB1C23B6219430DE0071DF92 /* JVCustHeaderFooterView.h */,
				BB1C23B7219430DE0071DF92 /* JVCustHeaderFooterView.m */,
			);
			path = ConfigList;
			sourceTree = "<group>";
		};
		BB799DF72154D14900D768D1 /* PlistConfigList */ = {
			isa = PBXGroup;
			children = (
				BB799E122154EF6600D768D1 /* person.plist */,
				BB799DF82154D14900D768D1 /* Person.h */,
				BB799DFE2154D14900D768D1 /* Person.m */,
				BB799DFD2154D14900D768D1 /* JoyCellBaseModel+Type.h */,
				BB799DF92154D14900D768D1 /* JoyCellBaseModel+Type.m */,
				BB799DFA2154D14900D768D1 /* SCViewController.h */,
				BB799DFF2154D14900D768D1 /* SCViewController.m */,
				BB799DFB2154D14900D768D1 /* PersonInteractor.m */,
				BB799DFC2154D14900D768D1 /* PersonPresenter.m */,
				BB799E012154D14900D768D1 /* PersonPresenter.h */,
				BB799E032154D14900D768D1 /* PersonInteractor.h */,
				BB799E0E2154E85100D768D1 /* personDetail.json */,
			);
			path = PlistConfigList;
			sourceTree = "<group>";
		};
		BB85CDFA2216926200B0DE1F /* Home */ = {
			isa = PBXGroup;
			children = (
				BB85CDFB221692A800B0DE1F /* HomeVC.h */,
				BB85CDFC221692A800B0DE1F /* HomeVC.m */,
			);
			path = Home;
			sourceTree = "<group>";
		};
		BB9E1ECA25037C8800FD80C2 /* Player */ = {
			isa = PBXGroup;
			children = (
				BB9E1ECB2503859F00FD80C2 /* PlayerListVC.h */,
				BB9E1ECC2503859F00FD80C2 /* PlayerListVC.m */,
				BB9E1ECE2503862000FD80C2 /* PlayerCell.h */,
				BB9E1ECF2503862000FD80C2 /* PlayerCell.m */,
			);
			path = Player;
			sourceTree = "<group>";
		};
		BBFCEDCF236FCD9D007362AC /* QRCodeScan */ = {
			isa = PBXGroup;
			children = (
				BBFCEDD0236FCDCC007362AC /* QRCodeScanVC.h */,
				BBFCEDD1236FCDCC007362AC /* QRCodeScanVC.m */,
			);
			path = QRCodeScan;
			sourceTree = "<group>";
		};
		F4E94A1AFEB614C11C004F6F /* Pods */ = {
			isa = PBXGroup;
			children = (
				BAC0C3416A7422957C12A698 /* Pods-JoyKit_Example.debug.xcconfig */,
				8C4814AC38034352457FFBDA /* Pods-JoyKit_Example.release.xcconfig */,
				68D8EB61F92ADD299217CC0D /* Pods-JoyKit_Tests.debug.xcconfig */,
				E6E2DBA04B0E12EDDAEE4A14 /* Pods-JoyKit_Tests.release.xcconfig */,
			);
			name = Pods;
			sourceTree = "<group>";
		};
/* End PBXGroup section */

/* Begin PBXNativeTarget section */
		6003F589195388D20070C39A /* JoyKit_Example */ = {
			isa = PBXNativeTarget;
			buildConfigurationList = 6003F5BF195388D20070C39A /* Build configuration list for PBXNativeTarget "JoyKit_Example" */;
			buildPhases = (
				BB8B12D70AEBF40099AE0D33 /* [CP] Check Pods Manifest.lock */,
				6003F586195388D20070C39A /* Sources */,
				6003F587195388D20070C39A /* Frameworks */,
				6003F588195388D20070C39A /* Resources */,
				13D83A07380814C41D5993D6 /* [CP] Copy Pods Resources */,
			);
			buildRules = (
			);
			dependencies = (
			);
			name = JoyKit_Example;
			productName = JoyKit;
			productReference = 6003F58A195388D20070C39A /* JoyKit_Example.app */;
			productType = "com.apple.product-type.application";
		};
		6003F5AD195388D20070C39A /* JoyKit_Tests */ = {
			isa = PBXNativeTarget;
			buildConfigurationList = 6003F5C2195388D20070C39A /* Build configuration list for PBXNativeTarget "JoyKit_Tests" */;
			buildPhases = (
				BBA45D0FA22B2B31058F1832 /* [CP] Check Pods Manifest.lock */,
				6003F5AA195388D20070C39A /* Sources */,
				6003F5AB195388D20070C39A /* Frameworks */,
				6003F5AC195388D20070C39A /* Resources */,
			);
			buildRules = (
			);
			dependencies = (
				6003F5B4195388D20070C39A /* PBXTargetDependency */,
			);
			name = JoyKit_Tests;
			productName = JoyKitTests;
			productReference = 6003F5AE195388D20070C39A /* JoyKit_Tests.xctest */;
			productType = "com.apple.product-type.bundle.unit-test";
		};
/* End PBXNativeTarget section */

/* Begin PBXProject section */
		6003F582195388D10070C39A /* Project object */ = {
			isa = PBXProject;
			attributes = {
				CLASSPREFIX = Joy;
				LastUpgradeCheck = 0930;
				ORGANIZATIONNAME = "joy-make";
				TargetAttributes = {
					6003F589195388D20070C39A = {
						DevelopmentTeam = UPV9VG6XX3;
						ProvisioningStyle = Automatic;
					};
					6003F5AD195388D20070C39A = {
						ProvisioningStyle = Manual;
						TestTargetID = 6003F589195388D20070C39A;
					};
				};
			};
			buildConfigurationList = 6003F585195388D10070C39A /* Build configuration list for PBXProject "JoyKit" */;
			compatibilityVersion = "Xcode 3.2";
			developmentRegion = en;
			hasScannedForEncodings = 0;
			knownRegions = (
				en,
				Base,
			);
			mainGroup = 6003F581195388D10070C39A;
			productRefGroup = 6003F58B195388D20070C39A /* Products */;
			projectDirPath = "";
			projectRoot = "";
			targets = (
				6003F589195388D20070C39A /* JoyKit_Example */,
				6003F5AD195388D20070C39A /* JoyKit_Tests */,
			);
		};
/* End PBXProject section */

/* Begin PBXResourcesBuildPhase section */
		6003F588195388D20070C39A /* Resources */ = {
			isa = PBXResourcesBuildPhase;
			buildActionMask = 2147483647;
			files = (
				873B8AEB1B1F5CCA007FD442 /* Main.storyboard in Resources */,
				BB799E0F2154E85100D768D1 /* personDetail.json in Resources */,
				71719F9F1E33DC2100824A3D /* LaunchScreen.storyboard in Resources */,
				BB799E132154EF6600D768D1 /* person.plist in Resources */,
				6003F5A9195388D20070C39A /* Images.xcassets in Resources */,
				6003F598195388D20070C39A /* InfoPlist.strings in Resources */,
			);
			runOnlyForDeploymentPostprocessing = 0;
		};
		6003F5AC195388D20070C39A /* Resources */ = {
			isa = PBXResourcesBuildPhase;
			buildActionMask = 2147483647;
			files = (
				6003F5BA195388D20070C39A /* InfoPlist.strings in Resources */,
			);
			runOnlyForDeploymentPostprocessing = 0;
		};
/* End PBXResourcesBuildPhase section */

/* Begin PBXShellScriptBuildPhase section */
		13D83A07380814C41D5993D6 /* [CP] Copy Pods Resources */ = {
			isa = PBXShellScriptBuildPhase;
			buildActionMask = 2147483647;
			files = (
			);
			inputPaths = (
				"${PODS_ROOT}/Target Support Files/Pods-JoyKit_Example/Pods-JoyKit_Example-resources.sh",
				"${PODS_ROOT}/../../JoyKit/Assets/header_icon_back@2x.png",
				"${PODS_ROOT}/../../JoyKit/Assets/header_icon_back@3x.png",
				"${PODS_ROOT}/../../JoyKit/Assets/JoyLike.png",
				"${PODS_ROOT}/../../JoyKit/Assets/joymakeHead.jpg",
				"${PODS_ROOT}/../../JoyKit/Assets/select@2x.png",
				"${PODS_ROOT}/../../JoyKit/Assets/select@3x.png",
				"${PODS_ROOT}/../../JoyKit/JoyMediaRecordPlay/images/LW_CameraFocus.png",
				"${PODS_ROOT}/../../JoyKit/JoyMediaRecordPlay/images/LW_PhotoLibruary.png",
				"${PODS_ROOT}/../../JoyKit/JoyMediaRecordPlay/images/LW_StartRecordVideo@2x.png",
				"${PODS_ROOT}/../../JoyKit/JoyMediaRecordPlay/images/LW_StartRecordVideo@3x.png",
				"${PODS_ROOT}/../../JoyKit/JoyMediaRecordPlay/images/LW_SwitchCamera.png",
				"${PODS_ROOT}/../../JoyKit/JoyMediaRecordPlay/images/LW_SwitchCamera1.png",
				"${PODS_ROOT}/../../JoyKit/JoyMediaRecordPlay/images/LW_Video_Down.png",
				"${PODS_ROOT}/../../JoyKit/JoyMediaRecordPlay/images/LW_Video_FlashLight.png",
				"${PODS_ROOT}/../../JoyKit/JoyMediaRecordPlay/images/trends_ preview_video_back@2x.png",
				"${PODS_ROOT}/../../JoyKit/JoyMediaRecordPlay/images/trends_ preview_video_back@3x.png",
				"${PODS_ROOT}/../../JoyKit/JoyMediaRecordPlay/images/trends_preview_video_done@2x.png",
				"${PODS_ROOT}/../../JoyKit/JoyMediaRecordPlay/images/trends_preview_video_done@3x.png",
				"${PODS_ROOT}/../../JoyKit/JoyQRCode/images/qrScanBorder.png",
				"${PODS_ROOT}/../../JoyKit/JoyQRCode/images/qr_back.png",
				"${PODS_ROOT}/../../JoyKit/JoyQRCode/images/qr_photo.png",
			);
			name = "[CP] Copy Pods Resources";
			outputPaths = (
				"${TARGET_BUILD_DIR}/${UNLOCALIZED_RESOURCES_FOLDER_PATH}/header_icon_back@2x.png",
				"${TARGET_BUILD_DIR}/${UNLOCALIZED_RESOURCES_FOLDER_PATH}/header_icon_back@3x.png",
				"${TARGET_BUILD_DIR}/${UNLOCALIZED_RESOURCES_FOLDER_PATH}/JoyLike.png",
				"${TARGET_BUILD_DIR}/${UNLOCALIZED_RESOURCES_FOLDER_PATH}/joymakeHead.jpg",
				"${TARGET_BUILD_DIR}/${UNLOCALIZED_RESOURCES_FOLDER_PATH}/select@2x.png",
				"${TARGET_BUILD_DIR}/${UNLOCALIZED_RESOURCES_FOLDER_PATH}/select@3x.png",
				"${TARGET_BUILD_DIR}/${UNLOCALIZED_RESOURCES_FOLDER_PATH}/LW_CameraFocus.png",
				"${TARGET_BUILD_DIR}/${UNLOCALIZED_RESOURCES_FOLDER_PATH}/LW_PhotoLibruary.png",
				"${TARGET_BUILD_DIR}/${UNLOCALIZED_RESOURCES_FOLDER_PATH}/LW_StartRecordVideo@2x.png",
				"${TARGET_BUILD_DIR}/${UNLOCALIZED_RESOURCES_FOLDER_PATH}/LW_StartRecordVideo@3x.png",
				"${TARGET_BUILD_DIR}/${UNLOCALIZED_RESOURCES_FOLDER_PATH}/LW_SwitchCamera.png",
				"${TARGET_BUILD_DIR}/${UNLOCALIZED_RESOURCES_FOLDER_PATH}/LW_SwitchCamera1.png",
				"${TARGET_BUILD_DIR}/${UNLOCALIZED_RESOURCES_FOLDER_PATH}/LW_Video_Down.png",
				"${TARGET_BUILD_DIR}/${UNLOCALIZED_RESOURCES_FOLDER_PATH}/LW_Video_FlashLight.png",
				"${TARGET_BUILD_DIR}/${UNLOCALIZED_RESOURCES_FOLDER_PATH}/trends_ preview_video_back@2x.png",
				"${TARGET_BUILD_DIR}/${UNLOCALIZED_RESOURCES_FOLDER_PATH}/trends_ preview_video_back@3x.png",
				"${TARGET_BUILD_DIR}/${UNLOCALIZED_RESOURCES_FOLDER_PATH}/trends_preview_video_done@2x.png",
				"${TARGET_BUILD_DIR}/${UNLOCALIZED_RESOURCES_FOLDER_PATH}/trends_preview_video_done@3x.png",
				"${TARGET_BUILD_DIR}/${UNLOCALIZED_RESOURCES_FOLDER_PATH}/qrScanBorder.png",
				"${TARGET_BUILD_DIR}/${UNLOCALIZED_RESOURCES_FOLDER_PATH}/qr_back.png",
				"${TARGET_BUILD_DIR}/${UNLOCALIZED_RESOURCES_FOLDER_PATH}/qr_photo.png",
			);
			runOnlyForDeploymentPostprocessing = 0;
			shellPath = /bin/sh;
			shellScript = "\"${PODS_ROOT}/Target Support Files/Pods-JoyKit_Example/Pods-JoyKit_Example-resources.sh\"\n";
			showEnvVarsInLog = 0;
		};
		BB8B12D70AEBF40099AE0D33 /* [CP] Check Pods Manifest.lock */ = {
			isa = PBXShellScriptBuildPhase;
			buildActionMask = 2147483647;
			files = (
			);
			inputPaths = (
				"${PODS_PODFILE_DIR_PATH}/Podfile.lock",
				"${PODS_ROOT}/Manifest.lock",
			);
			name = "[CP] Check Pods Manifest.lock";
			outputPaths = (
				"$(DERIVED_FILE_DIR)/Pods-JoyKit_Example-checkManifestLockResult.txt",
			);
			runOnlyForDeploymentPostprocessing = 0;
			shellPath = /bin/sh;
			shellScript = "diff \"${PODS_PODFILE_DIR_PATH}/Podfile.lock\" \"${PODS_ROOT}/Manifest.lock\" > /dev/null\nif [ $? != 0 ] ; then\n    # print error to STDERR\n    echo \"error: The sandbox is not in sync with the Podfile.lock. Run 'pod install' or update your CocoaPods installation.\" >&2\n    exit 1\nfi\n# This output is used by Xcode 'outputs' to avoid re-running this script phase.\necho \"SUCCESS\" > \"${SCRIPT_OUTPUT_FILE_0}\"\n";
			showEnvVarsInLog = 0;
		};
		BBA45D0FA22B2B31058F1832 /* [CP] Check Pods Manifest.lock */ = {
			isa = PBXShellScriptBuildPhase;
			buildActionMask = 2147483647;
			files = (
			);
			inputPaths = (
				"${PODS_PODFILE_DIR_PATH}/Podfile.lock",
				"${PODS_ROOT}/Manifest.lock",
			);
			name = "[CP] Check Pods Manifest.lock";
			outputPaths = (
				"$(DERIVED_FILE_DIR)/Pods-JoyKit_Tests-checkManifestLockResult.txt",
			);
			runOnlyForDeploymentPostprocessing = 0;
			shellPath = /bin/sh;
			shellScript = "diff \"${PODS_PODFILE_DIR_PATH}/Podfile.lock\" \"${PODS_ROOT}/Manifest.lock\" > /dev/null\nif [ $? != 0 ] ; then\n    # print error to STDERR\n    echo \"error: The sandbox is not in sync with the Podfile.lock. Run 'pod install' or update your CocoaPods installation.\" >&2\n    exit 1\nfi\n# This output is used by Xcode 'outputs' to avoid re-running this script phase.\necho \"SUCCESS\" > \"${SCRIPT_OUTPUT_FILE_0}\"\n";
			showEnvVarsInLog = 0;
		};
/* End PBXShellScriptBuildPhase section */

/* Begin PBXSourcesBuildPhase section */
		6003F586195388D20070C39A /* Sources */ = {
			isa = PBXSourcesBuildPhase;
			buildActionMask = 2147483647;
			files = (
				A82D62D226D20A6E004590FC /* JoyPortalTableCell.m in Sources */,
				BB799E072154D14900D768D1 /* JoyCellBaseModel+Type.m in Sources */,
				A82D62D426D20A6E004590FC /* JoyTableCollectionVC.m in Sources */,
				6003F59E195388D20070C39A /* JoyAppDelegate.m in Sources */,
				A82D62D026D20A6E004590FC /* JoyPortalCollectionCell.m in Sources */,
				BB85CDFD221692A800B0DE1F /* HomeVC.m in Sources */,
				BB799E0B2154D14900D768D1 /* SCViewController.m in Sources */,
				BBFCEDD2236FCDCC007362AC /* QRCodeScanVC.m in Sources */,
				6003F59A195388D20070C39A /* main.m in Sources */,
				A8D8F446288FCBC200CFF863 /* JoyAnimationVC.m in Sources */,
				A88010B728913A0800015ACB /* JoyCoreMotionVC.m in Sources */,
				BB799E082154D14900D768D1 /* PersonInteractor.m in Sources */,
				A8EEA5A2289381CA00D8C7DC /* JoyVideoRecordVC.m in Sources */,
				BB1C23B8219430DE0071DF92 /* JVCustHeaderFooterView.m in Sources */,
				BB799E0A2154D14900D768D1 /* Person.m in Sources */,
				A80DF7222891354800CBFEA4 /* CollectionVC.m in Sources */,
				BB799E062154D14900D768D1 /* JVInteractor.m in Sources */,
				A88010BC2892334200015ACB /* JoyQRCodeGenerateVC.m in Sources */,
				A82D62CE26D20A6E004590FC /* JoyTableCollectionInteractor.m in Sources */,
				BB9E1ECD2503859F00FD80C2 /* PlayerListVC.m in Sources */,
				A88010B828913A0800015ACB /* JoyDeviceOrientationVC.m in Sources */,
				BB799E092154D14900D768D1 /* PersonPresenter.m in Sources */,
				A80DF7212891354800CBFEA4 /* CollectionInteractor.m in Sources */,
				BB799E052154D14900D768D1 /* JoyViewController.m in Sources */,
				BB9E1ED02503862000FD80C2 /* PlayerCell.m in Sources */,
				BB799E042154D14900D768D1 /* JVPresenter.m in Sources */,
			);
			runOnlyForDeploymentPostprocessing = 0;
		};
		6003F5AA195388D20070C39A /* Sources */ = {
			isa = PBXSourcesBuildPhase;
			buildActionMask = 2147483647;
			files = (
				6003F5BC195388D20070C39A /* Tests.m in Sources */,
				A82D62D526D20A6E004590FC /* JoyTableCollectionVC.m in Sources */,
				A82D62D326D20A6E004590FC /* JoyPortalTableCell.m in Sources */,
				A82D62CF26D20A6E004590FC /* JoyTableCollectionInteractor.m in Sources */,
				A82D62D126D20A6E004590FC /* JoyPortalCollectionCell.m in Sources */,
			);
			runOnlyForDeploymentPostprocessing = 0;
		};
/* End PBXSourcesBuildPhase section */

/* Begin PBXTargetDependency section */
		6003F5B4195388D20070C39A /* PBXTargetDependency */ = {
			isa = PBXTargetDependency;
			target = 6003F589195388D20070C39A /* JoyKit_Example */;
			targetProxy = 6003F5B3195388D20070C39A /* PBXContainerItemProxy */;
		};
/* End PBXTargetDependency section */

/* Begin PBXVariantGroup section */
		6003F596195388D20070C39A /* InfoPlist.strings */ = {
			isa = PBXVariantGroup;
			children = (
				6003F597195388D20070C39A /* en */,
			);
			name = InfoPlist.strings;
			sourceTree = "<group>";
		};
		6003F5B8195388D20070C39A /* InfoPlist.strings */ = {
			isa = PBXVariantGroup;
			children = (
				6003F5B9195388D20070C39A /* en */,
			);
			name = InfoPlist.strings;
			sourceTree = "<group>";
		};
		71719F9D1E33DC2100824A3D /* LaunchScreen.storyboard */ = {
			isa = PBXVariantGroup;
			children = (
				71719F9E1E33DC2100824A3D /* Base */,
			);
			name = LaunchScreen.storyboard;
			sourceTree = "<group>";
		};
/* End PBXVariantGroup section */

/* Begin XCBuildConfiguration section */
		6003F5BD195388D20070C39A /* Debug */ = {
			isa = XCBuildConfiguration;
			buildSettings = {
				ALWAYS_SEARCH_USER_PATHS = NO;
				CLANG_CXX_LANGUAGE_STANDARD = "gnu++0x";
				CLANG_CXX_LIBRARY = "libc++";
				CLANG_ENABLE_MODULES = YES;
				CLANG_ENABLE_OBJC_ARC = YES;
				CLANG_WARN_BLOCK_CAPTURE_AUTORELEASING = YES;
				CLANG_WARN_BOOL_CONVERSION = YES;
				CLANG_WARN_COMMA = YES;
				CLANG_WARN_CONSTANT_CONVERSION = YES;
				CLANG_WARN_DEPRECATED_OBJC_IMPLEMENTATIONS = YES;
				CLANG_WARN_DIRECT_OBJC_ISA_USAGE = YES_ERROR;
				CLANG_WARN_EMPTY_BODY = YES;
				CLANG_WARN_ENUM_CONVERSION = YES;
				CLANG_WARN_INFINITE_RECURSION = YES;
				CLANG_WARN_INT_CONVERSION = YES;
				CLANG_WARN_NON_LITERAL_NULL_CONVERSION = YES;
				CLANG_WARN_OBJC_IMPLICIT_RETAIN_SELF = YES;
				CLANG_WARN_OBJC_LITERAL_CONVERSION = YES;
				CLANG_WARN_OBJC_ROOT_CLASS = YES_ERROR;
				CLANG_WARN_RANGE_LOOP_ANALYSIS = YES;
				CLANG_WARN_STRICT_PROTOTYPES = YES;
				CLANG_WARN_SUSPICIOUS_MOVE = YES;
				CLANG_WARN_UNREACHABLE_CODE = YES;
				CLANG_WARN__DUPLICATE_METHOD_MATCH = YES;
				"CODE_SIGN_IDENTITY[sdk=iphoneos*]" = "iPhone Developer";
				COPY_PHASE_STRIP = NO;
				ENABLE_STRICT_OBJC_MSGSEND = YES;
				ENABLE_TESTABILITY = YES;
				GCC_C_LANGUAGE_STANDARD = gnu99;
				GCC_DYNAMIC_NO_PIC = NO;
				GCC_NO_COMMON_BLOCKS = YES;
				GCC_OPTIMIZATION_LEVEL = 0;
				GCC_PREPROCESSOR_DEFINITIONS = (
					"DEBUG=1",
					"$(inherited)",
				);
				GCC_SYMBOLS_PRIVATE_EXTERN = NO;
				GCC_WARN_64_TO_32_BIT_CONVERSION = YES;
				GCC_WARN_ABOUT_RETURN_TYPE = YES_ERROR;
				GCC_WARN_UNDECLARED_SELECTOR = YES;
				GCC_WARN_UNINITIALIZED_AUTOS = YES_AGGRESSIVE;
				GCC_WARN_UNUSED_FUNCTION = YES;
				GCC_WARN_UNUSED_VARIABLE = YES;
				IPHONEOS_DEPLOYMENT_TARGET = 9.3;
				ONLY_ACTIVE_ARCH = YES;
				SDKROOT = iphoneos;
				TARGETED_DEVICE_FAMILY = "1,2";
			};
			name = Debug;
		};
		6003F5BE195388D20070C39A /* Release */ = {
			isa = XCBuildConfiguration;
			buildSettings = {
				ALWAYS_SEARCH_USER_PATHS = NO;
				CLANG_CXX_LANGUAGE_STANDARD = "gnu++0x";
				CLANG_CXX_LIBRARY = "libc++";
				CLANG_ENABLE_MODULES = YES;
				CLANG_ENABLE_OBJC_ARC = YES;
				CLANG_WARN_BLOCK_CAPTURE_AUTORELEASING = YES;
				CLANG_WARN_BOOL_CONVERSION = YES;
				CLANG_WARN_COMMA = YES;
				CLANG_WARN_CONSTANT_CONVERSION = YES;
				CLANG_WARN_DEPRECATED_OBJC_IMPLEMENTATIONS = YES;
				CLANG_WARN_DIRECT_OBJC_ISA_USAGE = YES_ERROR;
				CLANG_WARN_EMPTY_BODY = YES;
				CLANG_WARN_ENUM_CONVERSION = YES;
				CLANG_WARN_INFINITE_RECURSION = YES;
				CLANG_WARN_INT_CONVERSION = YES;
				CLANG_WARN_NON_LITERAL_NULL_CONVERSION = YES;
				CLANG_WARN_OBJC_IMPLICIT_RETAIN_SELF = YES;
				CLANG_WARN_OBJC_LITERAL_CONVERSION = YES;
				CLANG_WARN_OBJC_ROOT_CLASS = YES_ERROR;
				CLANG_WARN_RANGE_LOOP_ANALYSIS = YES;
				CLANG_WARN_STRICT_PROTOTYPES = YES;
				CLANG_WARN_SUSPICIOUS_MOVE = YES;
				CLANG_WARN_UNREACHABLE_CODE = YES;
				CLANG_WARN__DUPLICATE_METHOD_MATCH = YES;
				"CODE_SIGN_IDENTITY[sdk=iphoneos*]" = "iPhone Developer";
				COPY_PHASE_STRIP = YES;
				ENABLE_NS_ASSERTIONS = NO;
				ENABLE_STRICT_OBJC_MSGSEND = YES;
				GCC_C_LANGUAGE_STANDARD = gnu99;
				GCC_NO_COMMON_BLOCKS = YES;
				GCC_WARN_64_TO_32_BIT_CONVERSION = YES;
				GCC_WARN_ABOUT_RETURN_TYPE = YES_ERROR;
				GCC_WARN_UNDECLARED_SELECTOR = YES;
				GCC_WARN_UNINITIALIZED_AUTOS = YES_AGGRESSIVE;
				GCC_WARN_UNUSED_FUNCTION = YES;
				GCC_WARN_UNUSED_VARIABLE = YES;
				IPHONEOS_DEPLOYMENT_TARGET = 9.3;
				SDKROOT = iphoneos;
				TARGETED_DEVICE_FAMILY = "1,2";
				VALIDATE_PRODUCT = YES;
			};
			name = Release;
		};
		6003F5C0195388D20070C39A /* Debug */ = {
			isa = XCBuildConfiguration;
			baseConfigurationReference = BAC0C3416A7422957C12A698 /* Pods-JoyKit_Example.debug.xcconfig */;
			buildSettings = {
				ASSETCATALOG_COMPILER_APPICON_NAME = AppIcon;
				CODE_SIGN_ENTITLEMENTS = JoyKit_Example.entitlements;
				CODE_SIGN_IDENTITY = "Apple Development";
				"CODE_SIGN_IDENTITY[sdk=iphoneos*]" = "Apple Development";
				"CODE_SIGN_IDENTITY[sdk=macosx*]" = "Apple Development";
				CODE_SIGN_STYLE = Automatic;
				DEVELOPMENT_TEAM = UPV9VG6XX3;
				FRAMEWORK_SEARCH_PATHS = "$(inherited)";
				GCC_PRECOMPILE_PREFIX_HEADER = YES;
				GCC_PREFIX_HEADER = "JoyKit/JoyKit-Prefix.pch";
				HEADER_SEARCH_PATHS = (
					"$(inherited)",
					"\"${PODS_ROOT}/Headers/Public\"",
					"\"${PODS_ROOT}/Headers/Public/JoyKit\"",
					"\"${PODS_ROOT}/Headers/Public/Masonry\"",
				);
				INFOPLIST_FILE = "JoyKit/JoyKit-Info.plist";
				LIBRARY_SEARCH_PATHS = (
					"$(inherited)",
					"\"$PODS_CONFIGURATION_BUILD_DIR/JoyKit\"",
				);
				MODULE_NAME = ExampleApp;
				NEW_SETTING = "";
				PRODUCT_BUNDLE_IDENTIFIER = com.joykit.example.com;
				"PRODUCT_BUNDLE_IDENTIFIER[sdk=macosx*]" = "";
				PRODUCT_NAME = "$(TARGET_NAME)";
				PROVISIONING_PROFILE_SPECIFIER = "";
				"PROVISIONING_PROFILE_SPECIFIER[sdk=macosx*]" = "";
				SUPPORTS_MACCATALYST = NO;
				TARGETED_DEVICE_FAMILY = "1,2";
				USER_HEADER_SEARCH_PATHS = "${PODS_ROOT}/**";
				WRAPPER_EXTENSION = app;
			};
			name = Debug;
		};
		6003F5C1195388D20070C39A /* Release */ = {
			isa = XCBuildConfiguration;
			baseConfigurationReference = 8C4814AC38034352457FFBDA /* Pods-JoyKit_Example.release.xcconfig */;
			buildSettings = {
				ASSETCATALOG_COMPILER_APPICON_NAME = AppIcon;
				CODE_SIGN_ENTITLEMENTS = JoyKit_Example.entitlements;
				CODE_SIGN_IDENTITY = "Apple Development";
				"CODE_SIGN_IDENTITY[sdk=iphoneos*]" = "iPhone Distribution";
				"CODE_SIGN_IDENTITY[sdk=macosx*]" = "Apple Development";
				CODE_SIGN_STYLE = Manual;
				DEVELOPMENT_TEAM = "";
				FRAMEWORK_SEARCH_PATHS = "$(inherited)";
				GCC_PRECOMPILE_PREFIX_HEADER = YES;
				GCC_PREFIX_HEADER = "JoyKit/JoyKit-Prefix.pch";
				HEADER_SEARCH_PATHS = (
					"$(inherited)",
					"\"${PODS_ROOT}/Headers/Public\"",
					"\"${PODS_ROOT}/Headers/Public/JoyKit\"",
					"\"${PODS_ROOT}/Headers/Public/Masonry\"",
				);
				INFOPLIST_FILE = "JoyKit/JoyKit-Info.plist";
				LIBRARY_SEARCH_PATHS = (
					"$(inherited)",
					"\"$PODS_CONFIGURATION_BUILD_DIR/JoyKit\"",
				);
				MODULE_NAME = ExampleApp;
				NEW_SETTING = "";
				PRODUCT_BUNDLE_IDENTIFIER = com.spacenx.dsappc.sit;
				PRODUCT_NAME = "$(TARGET_NAME)";
				PROVISIONING_PROFILE_SPECIFIER = "";
				"PROVISIONING_PROFILE_SPECIFIER[sdk=macosx*]" = "";
				SUPPORTS_MACCATALYST = NO;
				TARGETED_DEVICE_FAMILY = "1,2";
				USER_HEADER_SEARCH_PATHS = "${PODS_ROOT}/**";
				WRAPPER_EXTENSION = app;
			};
			name = Release;
		};
		6003F5C3195388D20070C39A /* Debug */ = {
			isa = XCBuildConfiguration;
			baseConfigurationReference = 68D8EB61F92ADD299217CC0D /* Pods-JoyKit_Tests.debug.xcconfig */;
			buildSettings = {
				BUNDLE_LOADER = "$(TEST_HOST)";
				CODE_SIGN_STYLE = Manual;
				DEVELOPMENT_TEAM = "";
				FRAMEWORK_SEARCH_PATHS = (
					"$(SDKROOT)/Developer/Library/Frameworks",
					"$(inherited)",
					"$(DEVELOPER_FRAMEWORKS_DIR)",
				);
				GCC_PRECOMPILE_PREFIX_HEADER = YES;
				GCC_PREFIX_HEADER = "Tests/Tests-Prefix.pch";
				GCC_PREPROCESSOR_DEFINITIONS = (
					"DEBUG=1",
					"$(inherited)",
				);
				INFOPLIST_FILE = "Tests/Tests-Info.plist";
				PRODUCT_BUNDLE_IDENTIFIER = "org.cocoapods.demo.${PRODUCT_NAME:rfc1034identifier}";
				"PRODUCT_BUNDLE_IDENTIFIER[sdk=macosx*]" = "";
				PRODUCT_NAME = "$(TARGET_NAME)";
				PROVISIONING_PROFILE_SPECIFIER = "";
				"PROVISIONING_PROFILE_SPECIFIER[sdk=macosx*]" = "";
				TEST_HOST = "$(BUILT_PRODUCTS_DIR)/JoyKit_Example.app/JoyKit_Example";
				WRAPPER_EXTENSION = xctest;
			};
			name = Debug;
		};
		6003F5C4195388D20070C39A /* Release */ = {
			isa = XCBuildConfiguration;
			baseConfigurationReference = E6E2DBA04B0E12EDDAEE4A14 /* Pods-JoyKit_Tests.release.xcconfig */;
			buildSettings = {
				BUNDLE_LOADER = "$(TEST_HOST)";
				FRAMEWORK_SEARCH_PATHS = (
					"$(SDKROOT)/Developer/Library/Frameworks",
					"$(inherited)",
					"$(DEVELOPER_FRAMEWORKS_DIR)",
				);
				GCC_PRECOMPILE_PREFIX_HEADER = YES;
				GCC_PREFIX_HEADER = "Tests/Tests-Prefix.pch";
				INFOPLIST_FILE = "Tests/Tests-Info.plist";
				PRODUCT_BUNDLE_IDENTIFIER = "org.cocoapods.demo.${PRODUCT_NAME:rfc1034identifier}";
				"PRODUCT_BUNDLE_IDENTIFIER[sdk=macosx*]" = "";
				PRODUCT_NAME = "$(TARGET_NAME)";
				TEST_HOST = "$(BUILT_PRODUCTS_DIR)/JoyKit_Example.app/JoyKit_Example";
				WRAPPER_EXTENSION = xctest;
			};
			name = Release;
		};
/* End XCBuildConfiguration section */

/* Begin XCConfigurationList section */
		6003F585195388D10070C39A /* Build configuration list for PBXProject "JoyKit" */ = {
			isa = XCConfigurationList;
			buildConfigurations = (
				6003F5BD195388D20070C39A /* Debug */,
				6003F5BE195388D20070C39A /* Release */,
			);
			defaultConfigurationIsVisible = 0;
			defaultConfigurationName = Release;
		};
		6003F5BF195388D20070C39A /* Build configuration list for PBXNativeTarget "JoyKit_Example" */ = {
			isa = XCConfigurationList;
			buildConfigurations = (
				6003F5C0195388D20070C39A /* Debug */,
				6003F5C1195388D20070C39A /* Release */,
			);
			defaultConfigurationIsVisible = 0;
			defaultConfigurationName = Release;
		};
		6003F5C2195388D20070C39A /* Build configuration list for PBXNativeTarget "JoyKit_Tests" */ = {
			isa = XCConfigurationList;
			buildConfigurations = (
				6003F5C3195388D20070C39A /* Debug */,
				6003F5C4195388D20070C39A /* Release */,
			);
			defaultConfigurationIsVisible = 0;
			defaultConfigurationName = Release;
		};
/* End XCConfigurationList section */
	};
	rootObject = 6003F582195388D10070C39A /* Project object */;
}
